<?xml version="1.0" encoding="utf-8"?>
<Project ToolsVersion="4.0" xmlns="http://schemas.microsoft.com/developer/msbuild/2003">
  <ItemGroup>
    <Filter Include="Storage">
      <UniqueIdentifier>{b64366f1-0a2c-4ed9-8d91-8a487dfddaa6}</UniqueIdentifier>
    </Filter>
    <Filter Include="Tools">
      <UniqueIdentifier>{0c7178c8-b374-469b-a02b-5f6b56805b19}</UniqueIdentifier>
    </Filter>
    <Filter Include="Test">
      <UniqueIdentifier>{b1d6d90f-f3e6-41fe-b5f4-be396522a602}</UniqueIdentifier>
    </Filter>
    <Filter Include="Utils">
      <UniqueIdentifier>{ab5e19d1-0394-4bcf-b62c-ed8c9d625be8}</UniqueIdentifier>
    </Filter>
    <Filter Include="ThirdParty">
      <UniqueIdentifier>{7b9ddcb9-5892-459e-b46a-ac0da8afd498}</UniqueIdentifier>
    </Filter>
    <Filter Include="ThirdParty\cJSON">
      <UniqueIdentifier>{34e6895a-f30a-4033-af4c-29265c622303}</UniqueIdentifier>
    </Filter>
    <Filter Include="Storage\CommitLog">
      <UniqueIdentifier>{2e56ce95-d91d-4535-b6c2-cdb6da4ed126}</UniqueIdentifier>
    </Filter>
    <Filter Include="Test\LogTest">
      <UniqueIdentifier>{de00db7c-0aa6-475a-ac9e-cb3c4f8162b2}</UniqueIdentifier>
    </Filter>
    <Filter Include="Test\SkipListTest">
      <UniqueIdentifier>{ea8bfbde-85a9-4641-bc32-203373f5cff3}</UniqueIdentifier>
    </Filter>
    <Filter Include="Storage\SkipList">
      <UniqueIdentifier>{2a8675fa-a138-4142-b073-6d940d970811}</UniqueIdentifier>
    </Filter>
    <Filter Include="Log">
      <UniqueIdentifier>{81c9452e-2a23-4d0a-b83f-f4a75ffd7077}</UniqueIdentifier>
    </Filter>
    <Filter Include="Benchmarks">
      <UniqueIdentifier>{e1551df8-ed30-459a-abb5-e96b566c5471}</UniqueIdentifier>
    </Filter>
    <Filter Include="Benchmarks\SkipList">
      <UniqueIdentifier>{5998913f-642b-4c73-844b-203e368be526}</UniqueIdentifier>
    </Filter>
    <Filter Include="Storage\BloomFilter">
      <UniqueIdentifier>{b22419c6-c613-4bd2-8d32-825e6443a488}</UniqueIdentifier>
    </Filter>
    <Filter Include="ThirdParty\murmur3">
      <UniqueIdentifier>{f240ea09-4150-4da5-975d-49745a389d45}</UniqueIdentifier>
    </Filter>
    <Filter Include="Test\BitsetTest">
      <UniqueIdentifier>{42117240-cd7f-49ea-b57e-2db52bab88f6}</UniqueIdentifier>
    </Filter>
    <Filter Include="Test\TestResources">
      <UniqueIdentifier>{cb510614-b440-4923-af58-e5a8621dcbb4}</UniqueIdentifier>
    </Filter>
    <Filter Include="Test\BloomFilter">
      <UniqueIdentifier>{8ed5ab82-84e4-4cff-943a-7adf9e34f5c9}</UniqueIdentifier>
    </Filter>
    <Filter Include="Benchmarks\BloomFilter">
      <UniqueIdentifier>{abf03a3f-0cc6-4be1-955c-07cc8100cd48}</UniqueIdentifier>
    </Filter>
  </ItemGroup>
  <ItemGroup>
    <ClInclude Include="Storage\Skiplist\SkipList.h">
      <Filter>Storage\SkipList</Filter>
    </ClInclude>
    <ClInclude Include="global.h" />
    <ClInclude Include="Tools\List.h">
      <Filter>Tools</Filter>
    </ClInclude>
    <ClInclude Include="Utils\Random.h">
      <Filter>Utils</Filter>
    </ClInclude>
    <ClInclude Include="Tools\Fnv1a.h">
      <Filter>Tools</Filter>
    </ClInclude>
    <ClInclude Include="Tools\MessageQueue.h">
      <Filter>Tools</Filter>
    </ClInclude>
    <ClInclude Include="ThirdParty\cJSON\cJSON.h">
      <Filter>ThirdParty\cJSON</Filter>
    </ClInclude>
    <ClInclude Include="ThirdParty\cJSON\cJSON_Utils.h">
      <Filter>ThirdParty\cJSON</Filter>
    </ClInclude>
    <ClInclude Include="Test\LogTest.h">
      <Filter>Test\LogTest</Filter>
    </ClInclude>
    <ClInclude Include="Test\SkipListTest.h">
      <Filter>Test\SkipListTest</Filter>
    </ClInclude>
    <ClInclude Include="Storage\CommitLog\CommitLog.h">
      <Filter>Storage\CommitLog</Filter>
    </ClInclude>
    <ClInclude Include="Storage\StorageConfiguration.h">
      <Filter>Storage</Filter>
    </ClInclude>
    <ClInclude Include="Log\Log.h">
      <Filter>Log</Filter>
    </ClInclude>
    <ClInclude Include="Tools\Crc32.h">
      <Filter>Tools</Filter>
    </ClInclude>
    <ClInclude Include="ThirdParty\murmur3\murmur3.h">
      <Filter>ThirdParty\murmur3</Filter>
    </ClInclude>
    <ClInclude Include="Benchmarks\SkipList\SkipListSelection.h">
      <Filter>Benchmarks\SkipList</Filter>
    </ClInclude>
    <ClInclude Include="Storage\Skiplist\LockFreeSkipList.h">
      <Filter>Storage\SkipList</Filter>
    </ClInclude>
    <ClInclude Include="Storage\Skiplist\SkipListDefinitions.h">
      <Filter>Storage\SkipList</Filter>
    </ClInclude>
    <ClInclude Include="Test\LockFreeSkipListTest.h">
      <Filter>Test\SkipListTest</Filter>
    </ClInclude>
    <ClInclude Include="Storage\BloomFilter\BloomFilter.h">
      <Filter>Storage\BloomFilter</Filter>
    </ClInclude>
    <ClInclude Include="Tools\Bitset.h">
      <Filter>Tools</Filter>
    </ClInclude>
    <ClInclude Include="Test\BitsetTest.h">
      <Filter>Test\BitsetTest</Filter>
    </ClInclude>
    <ClInclude Include="Test\BloomFilterTest.h">
      <Filter>Test\BloomFilter</Filter>
    </ClInclude>
  </ItemGroup>
  <ItemGroup>
    <ClCompile Include="Storage\Skiplist\SkipList.c">
      <Filter>Storage\SkipList</Filter>
    </ClCompile>
    <ClCompile Include="tests.c" />
    <ClCompile Include="Tools\Fnv1a.c">
      <Filter>Tools</Filter>
    </ClCompile>
    <ClCompile Include="Tools\MessageQueue.c">
      <Filter>Tools</Filter>
    </ClCompile>
    <ClCompile Include="ThirdParty\cJSON\cJSON.c">
      <Filter>ThirdParty\cJSON</Filter>
    </ClCompile>
    <ClCompile Include="ThirdParty\cJSON\cJSON_Utils.c">
      <Filter>ThirdParty\cJSON</Filter>
    </ClCompile>
    <ClCompile Include="Test\LogTest.c">
      <Filter>Test\LogTest</Filter>
    </ClCompile>
    <ClCompile Include="Test\SkipListTest.c">
      <Filter>Test\SkipListTest</Filter>
    </ClCompile>
    <ClCompile Include="Storage\CommitLog\CommitLog.c">
      <Filter>Storage\CommitLog</Filter>
    </ClCompile>
    <ClCompile Include="Storage\StorageConfiguration.c">
      <Filter>Storage</Filter>
    </ClCompile>
    <ClCompile Include="Log\Log.c">
      <Filter>Log</Filter>
    </ClCompile>
    <ClCompile Include="Tools\Crc32.c">
      <Filter>Tools</Filter>
    </ClCompile>
    <ClCompile Include="benchmarks.c" />
    <ClCompile Include="ThirdParty\murmur3\murmur3.c">
      <Filter>ThirdParty\murmur3</Filter>
    </ClCompile>
    <ClCompile Include="Benchmarks\SkipList\SkipListSelection.c">
      <Filter>Benchmarks\SkipList</Filter>
    </ClCompile>
    <ClCompile Include="Storage\Skiplist\LockFreeSkipList.c">
      <Filter>Storage\SkipList</Filter>
    </ClCompile>
    <ClCompile Include="Test\LockFreeSkipListTest.c">
      <Filter>Test\SkipListTest</Filter>
    </ClCompile>
    <ClCompile Include="Storage\BloomFilter\BloomFilter.c">
      <Filter>Storage\BloomFilter</Filter>
    </ClCompile>
    <ClCompile Include="Tools\Bitset.c">
      <Filter>Tools</Filter>
    </ClCompile>
    <ClCompile Include="Test\BitsetTest.c">
      <Filter>Test\BitsetTest</Filter>
    </ClCompile>
    <ClCompile Include="Test\BloomFilterTest.c">
      <Filter>Test\BloomFilter</Filter>
    </ClCompile>
  </ItemGroup>
  <ItemGroup>
    <None Include="Test\Resources\TestLogConfigurationBad.json">
      <Filter>Test\TestResources</Filter>
    </None>
    <None Include="Test\Resources\TestLogConfigurationOk.json">
      <Filter>Test\TestResources</Filter>
    </None>
    <None Include="Benchmarks\SkipList\LockFreeSkipListPlot.py">
      <Filter>Benchmarks\SkipList</Filter>
    </None>
    <None Include="Benchmarks\SkipList\SkipListPlot.py">
      <Filter>Benchmarks\SkipList</Filter>
    </None>
    <None Include="Benchmarks\SkipList\FindMultiThread.py">
      <Filter>Benchmarks\SkipList</Filter>
    </None>
    <None Include="Benchmarks\SkipList\SetMultiThread.py">
      <Filter>Benchmarks\SkipList</Filter>
    </None>
    <None Include="Benchmarks\SkipList\Readme.md">
      <Filter>Benchmarks\SkipList</Filter>
    </None>
    <None Include="Benchmarks\BloomFilter\BloomFilterMemory.py">
      <Filter>Benchmarks\BloomFilter</Filter>
    </None>
    <None Include="Benchmarks\BloomFilter\BloomFilterHashCount.py">
      <Filter>Benchmarks\BloomFilter</Filter>
    </None>
    <None Include="Benchmarks\BloomFilter\Readme.md">
      <Filter>Benchmarks\BloomFilter</Filter>
    </None>
  </ItemGroup>
</Project>